
Microsoft Visual Studio Solution File, Format Version 12.00
# Visual Studio Version 17
VisualStudioVersion = 17.3.32811.315
MinimumVisualStudioVersion = 10.0.40219.1
Project("{9A19103F-16F7-4668-BE54-9A1E7A4F7556}") = "AspNetArticle.MvcApp", "AspNet.MvcApp\AspNetArticle.MvcApp.csproj", "{7AA275D4-21D9-4AE0-9020-2D020372BAED}"
EndProject
Project("{9A19103F-16F7-4668-BE54-9A1E7A4F7556}") = "AspNetArticle.Database", "AspNetArticle.Database\AspNetArticle.Database.csproj", "{4C208A32-6012-46FC-AF87-948834F33467}"
EndProject
Project("{9A19103F-16F7-4668-BE54-9A1E7A4F7556}") = "AspNetArticle.Business", "AspNetArticle.Business\AspNetArticle.Business.csproj", "{02B1E19B-85FA-4926-9641-F8B73468CAF0}"
EndProject
Project("{9A19103F-16F7-4668-BE54-9A1E7A4F7556}") = "AspNetArticle.Core", "AspNetArticle.Core\AspNetArticle.Core.csproj", "{3B99C290-3BF6-483E-8174-2BA6F5249E31}"
EndProject
Project("{9A19103F-16F7-4668-BE54-9A1E7A4F7556}") = "AspNetArticle.Data.Abstractions", "AspNetArticle.Data.Abstraction\AspNetArticle.Data.Abstractions.csproj", "{8617E960-F3A6-480F-AD32-145975C20A43}"
EndProject
Project("{9A19103F-16F7-4668-BE54-9A1E7A4F7556}") = "AspNetArticle.Data.Repositories", "AspNetArticle.Data.Repositories\AspNetArticle.Data.Repositories.csproj", "{8BA3B42C-CCA3-4624-A013-253E2A020F75}"
EndProject
Project("{9A19103F-16F7-4668-BE54-9A1E7A4F7556}") = "AspNetArticle.Api", "AspNetArticle.Api\AspNetArticle.Api.csproj", "{D0D6EBAF-E920-4DD4-AE3C-8FCA84AC86EA}"
EndProject
Project("{9A19103F-16F7-4668-BE54-9A1E7A4F7556}") = "AsoNetArticle.Data.CQS", "AsoNetArticle.Data.CQS\AsoNetArticle.Data.CQS.csproj", "{0DEA4C03-4686-411B-B2F2-BCAA75F559D2}"
EndProject
Global
	GlobalSection(SolutionConfigurationPlatforms) = preSolution
		Debug|Any CPU = Debug|Any CPU
		Release|Any CPU = Release|Any CPU
	EndGlobalSection
	GlobalSection(ProjectConfigurationPlatforms) = postSolution
		{7AA275D4-21D9-4AE0-9020-2D020372BAED}.Debug|Any CPU.ActiveCfg = Debug|Any CPU
		{7AA275D4-21D9-4AE0-9020-2D020372BAED}.Debug|Any CPU.Build.0 = Debug|Any CPU
		{7AA275D4-21D9-4AE0-9020-2D020372BAED}.Release|Any CPU.ActiveCfg = Release|Any CPU
		{7AA275D4-21D9-4AE0-9020-2D020372BAED}.Release|Any CPU.Build.0 = Release|Any CPU
		{4C208A32-6012-46FC-AF87-948834F33467}.Debug|Any CPU.ActiveCfg = Debug|Any CPU
		{4C208A32-6012-46FC-AF87-948834F33467}.Debug|Any CPU.Build.0 = Debug|Any CPU
		{4C208A32-6012-46FC-AF87-948834F33467}.Release|Any CPU.ActiveCfg = Release|Any CPU
		{4C208A32-6012-46FC-AF87-948834F33467}.Release|Any CPU.Build.0 = Release|Any CPU
		{02B1E19B-85FA-4926-9641-F8B73468CAF0}.Debug|Any CPU.ActiveCfg = Debug|Any CPU
		{02B1E19B-85FA-4926-9641-F8B73468CAF0}.Debug|Any CPU.Build.0 = Debug|Any CPU
		{02B1E19B-85FA-4926-9641-F8B73468CAF0}.Release|Any CPU.ActiveCfg = Release|Any CPU
		{02B1E19B-85FA-4926-9641-F8B73468CAF0}.Release|Any CPU.Build.0 = Release|Any CPU
		{3B99C290-3BF6-483E-8174-2BA6F5249E31}.Debug|Any CPU.ActiveCfg = Debug|Any CPU
		{3B99C290-3BF6-483E-8174-2BA6F5249E31}.Debug|Any CPU.Build.0 = Debug|Any CPU
		{3B99C290-3BF6-483E-8174-2BA6F5249E31}.Release|Any CPU.ActiveCfg = Release|Any CPU
		{3B99C290-3BF6-483E-8174-2BA6F5249E31}.Release|Any CPU.Build.0 = Release|Any CPU
		{8617E960-F3A6-480F-AD32-145975C20A43}.Debug|Any CPU.ActiveCfg = Debug|Any CPU
		{8617E960-F3A6-480F-AD32-145975C20A43}.Debug|Any CPU.Build.0 = Debug|Any CPU
		{8617E960-F3A6-480F-AD32-145975C20A43}.Release|Any CPU.ActiveCfg = Release|Any CPU
		{8617E960-F3A6-480F-AD32-145975C20A43}.Release|Any CPU.Build.0 = Release|Any CPU
		{8BA3B42C-CCA3-4624-A013-253E2A020F75}.Debug|Any CPU.ActiveCfg = Debug|Any CPU
		{8BA3B42C-CCA3-4624-A013-253E2A020F75}.Debug|Any CPU.Build.0 = Debug|Any CPU
		{8BA3B42C-CCA3-4624-A013-253E2A020F75}.Release|Any CPU.ActiveCfg = Release|Any CPU
		{8BA3B42C-CCA3-4624-A013-253E2A020F75}.Release|Any CPU.Build.0 = Release|Any CPU
		{D0D6EBAF-E920-4DD4-AE3C-8FCA84AC86EA}.Debug|Any CPU.ActiveCfg = Debug|Any CPU
		{D0D6EBAF-E920-4DD4-AE3C-8FCA84AC86EA}.Debug|Any CPU.Build.0 = Debug|Any CPU
		{D0D6EBAF-E920-4DD4-AE3C-8FCA84AC86EA}.Release|Any CPU.ActiveCfg = Release|Any CPU
		{D0D6EBAF-E920-4DD4-AE3C-8FCA84AC86EA}.Release|Any CPU.Build.0 = Release|Any CPU
		{0DEA4C03-4686-411B-B2F2-BCAA75F559D2}.Debug|Any CPU.ActiveCfg = Debug|Any CPU
		{0DEA4C03-4686-411B-B2F2-BCAA75F559D2}.Debug|Any CPU.Build.0 = Debug|Any CPU
		{0DEA4C03-4686-411B-B2F2-BCAA75F559D2}.Release|Any CPU.ActiveCfg = Release|Any CPU
		{0DEA4C03-4686-411B-B2F2-BCAA75F559D2}.Release|Any CPU.Build.0 = Release|Any CPU
	EndGlobalSection
	GlobalSection(SolutionProperties) = preSolution
		HideSolutionNode = FALSE
	EndGlobalSection
	GlobalSection(ExtensibilityGlobals) = postSolution
		SolutionGuid = {92227693-8C8F-46B4-868A-BEFD431B4074}
	EndGlobalSection
EndGlobal
